
Microsoft Visual Studio Solution File, Format Version 12.00
# Visual Studio 15
VisualStudioVersion = 15.0.28307.106
MinimumVisualStudioVersion = 10.0.40219.1
Project("{FAE04EC0-301F-11D3-BF4B-00C04F79EFBC}") = "ShellGallery.Android", "ShellGallery\ShellGallery.Android\ShellGallery.Android.csproj", "{887ED40B-B69A-44D8-BAF3-218E0B55B062}"
EndProject
Project("{FAE04EC0-301F-11D3-BF4B-00C04F79EFBC}") = "ShellGallery.iOS", "ShellGallery\ShellGallery.iOS\ShellGallery.iOS.csproj", "{EF014858-C31D-4E28-B041-6180817A0254}"
EndProject
Project("{FAE04EC0-301F-11D3-BF4B-00C04F79EFBC}") = "ShellGallery", "ShellGallery\ShellGallery\ShellGallery.csproj", "{147A98DF-98B5-4AEC-85D5-EE6FB662AEA8}"
EndProject
Global
	GlobalSection(SolutionConfigurationPlatforms) = preSolution
		Ad-Hoc|Any CPU = Ad-Hoc|Any CPU
		Ad-Hoc|iPhone = Ad-Hoc|iPhone
		Ad-Hoc|iPhoneSimulator = Ad-Hoc|iPhoneSimulator
		AppStore|Any CPU = AppStore|Any CPU
		AppStore|iPhone = AppStore|iPhone
		AppStore|iPhoneSimulator = AppStore|iPhoneSimulator
		Debug|Any CPU = Debug|Any CPU
		Debug|iPhone = Debug|iPhone
		Debug|iPhoneSimulator = Debug|iPhoneSimulator
		Release|Any CPU = Release|Any CPU
		Release|iPhone = Release|iPhone
		Release|iPhoneSimulator = Release|iPhoneSimulator
	EndGlobalSection
	GlobalSection(ProjectConfigurationPlatforms) = postSolution
		{887ED40B-B69A-44D8-BAF3-218E0B55B062}.Ad-Hoc|Any CPU.ActiveCfg = Release|Any CPU
		{887ED40B-B69A-44D8-BAF3-218E0B55B062}.Ad-Hoc|Any CPU.Build.0 = Release|Any CPU
		{887ED40B-B69A-44D8-BAF3-218E0B55B062}.Ad-Hoc|Any CPU.Deploy.0 = Release|Any CPU
		{887ED40B-B69A-44D8-BAF3-218E0B55B062}.Ad-Hoc|iPhone.ActiveCfg = Release|Any CPU
		{887ED40B-B69A-44D8-BAF3-218E0B55B062}.Ad-Hoc|iPhone.Build.0 = Release|Any CPU
		{887ED40B-B69A-44D8-BAF3-218E0B55B062}.Ad-Hoc|iPhone.Deploy.0 = Release|Any CPU
		{887ED40B-B69A-44D8-BAF3-218E0B55B062}.Ad-Hoc|iPhoneSimulator.ActiveCfg = Release|Any CPU
		{887ED40B-B69A-44D8-BAF3-218E0B55B062}.Ad-Hoc|iPhoneSimulator.Build.0 = Release|Any CPU
		{887ED40B-B69A-44D8-BAF3-218E0B55B062}.Ad-Hoc|iPhoneSimulator.Deploy.0 = Release|Any CPU
		{887ED40B-B69A-44D8-BAF3-218E0B55B062}.AppStore|Any CPU.ActiveCfg = Release|Any CPU
		{887ED40B-B69A-44D8-BAF3-218E0B55B062}.AppStore|Any CPU.Build.0 = Release|Any CPU
		{887ED40B-B69A-44D8-BAF3-218E0B55B062}.AppStore|Any CPU.Deploy.0 = Release|Any CPU
		{887ED40B-B69A-44D8-BAF3-218E0B55B062}.AppStore|iPhone.ActiveCfg = Release|Any CPU
		{887ED40B-B69A-44D8-BAF3-218E0B55B062}.AppStore|iPhone.Build.0 = Release|Any CPU
		{887ED40B-B69A-44D8-BAF3-218E0B55B062}.AppStore|iPhone.Deploy.0 = Release|Any CPU
		{887ED40B-B69A-44D8-BAF3-218E0B55B062}.AppStore|iPhoneSimulator.ActiveCfg = Release|Any CPU
		{887ED40B-B69A-44D8-BAF3-218E0B55B062}.AppStore|iPhoneSimulator.Build.0 = Release|Any CPU
		{887ED40B-B69A-44D8-BAF3-218E0B55B062}.AppStore|iPhoneSimulator.Deploy.0 = Release|Any CPU
		{887ED40B-B69A-44D8-BAF3-218E0B55B062}.Debug|Any CPU.ActiveCfg = Debug|Any CPU
		{887ED40B-B69A-44D8-BAF3-218E0B55B062}.Debug|Any CPU.Build.0 = Debug|Any CPU
		{887ED40B-B69A-44D8-BAF3-218E0B55B062}.Debug|Any CPU.Deploy.0 = Debug|Any CPU
		{887ED40B-B69A-44D8-BAF3-218E0B55B062}.Debug|iPhone.ActiveCfg = Debug|Any CPU
		{887ED40B-B69A-44D8-BAF3-218E0B55B062}.Debug|iPhone.Build.0 = Debug|Any CPU
		{887ED40B-B69A-44D8-BAF3-218E0B55B062}.Debug|iPhone.Deploy.0 = Debug|Any CPU
		{887ED40B-B69A-44D8-BAF3-218E0B55B062}.Debug|iPhoneSimulator.ActiveCfg = Debug|Any CPU
		{887ED40B-B69A-44D8-BAF3-218E0B55B062}.Debug|iPhoneSimulator.Build.0 = Debug|Any CPU
		{887ED40B-B69A-44D8-BAF3-218E0B55B062}.Debug|iPhoneSimulator.Deploy.0 = Debug|Any CPU
		{887ED40B-B69A-44D8-BAF3-218E0B55B062}.Release|Any CPU.ActiveCfg = Release|Any CPU
		{887ED40B-B69A-44D8-BAF3-218E0B55B062}.Release|Any CPU.Build.0 = Release|Any CPU
		{887ED40B-B69A-44D8-BAF3-218E0B55B062}.Release|Any CPU.Deploy.0 = Release|Any CPU
		{887ED40B-B69A-44D8-BAF3-218E0B55B062}.Release|iPhone.ActiveCfg = Release|Any CPU
		{887ED40B-B69A-44D8-BAF3-218E0B55B062}.Release|iPhone.Build.0 = Release|Any CPU
		{887ED40B-B69A-44D8-BAF3-218E0B55B062}.Release|iPhone.Deploy.0 = Release|Any CPU
		{887ED40B-B69A-44D8-BAF3-218E0B55B062}.Release|iPhoneSimulator.ActiveCfg = Release|Any CPU
		{887ED40B-B69A-44D8-BAF3-218E0B55B062}.Release|iPhoneSimulator.Build.0 = Release|Any CPU
		{887ED40B-B69A-44D8-BAF3-218E0B55B062}.Release|iPhoneSimulator.Deploy.0 = Release|Any CPU
		{EF014858-C31D-4E28-B041-6180817A0254}.Ad-Hoc|Any CPU.ActiveCfg = Ad-Hoc|iPhone
		{EF014858-C31D-4E28-B041-6180817A0254}.Ad-Hoc|Any CPU.Build.0 = Ad-Hoc|iPhone
		{EF014858-C31D-4E28-B041-6180817A0254}.Ad-Hoc|Any CPU.Deploy.0 = Ad-Hoc|iPhone
		{EF014858-C31D-4E28-B041-6180817A0254}.Ad-Hoc|iPhone.ActiveCfg = Ad-Hoc|iPhone
		{EF014858-C31D-4E28-B041-6180817A0254}.Ad-Hoc|iPhone.Build.0 = Ad-Hoc|iPhone
		{EF014858-C31D-4E28-B041-6180817A0254}.Ad-Hoc|iPhone.Deploy.0 = Ad-Hoc|iPhone
		{EF014858-C31D-4E28-B041-6180817A0254}.Ad-Hoc|iPhoneSimulator.ActiveCfg = Ad-Hoc|iPhoneSimulator
		{EF014858-C31D-4E28-B041-6180817A0254}.Ad-Hoc|iPhoneSimulator.Build.0 = Ad-Hoc|iPhoneSimulator
		{EF014858-C31D-4E28-B041-6180817A0254}.Ad-Hoc|iPhoneSimulator.Deploy.0 = Ad-Hoc|iPhoneSimulator
		{EF014858-C31D-4E28-B041-6180817A0254}.AppStore|Any CPU.ActiveCfg = AppStore|iPhone
		{EF014858-C31D-4E28-B041-6180817A0254}.AppStore|Any CPU.Build.0 = AppStore|iPhone
		{EF014858-C31D-4E28-B041-6180817A0254}.AppStore|Any CPU.Deploy.0 = AppStore|iPhone
		{EF014858-C31D-4E28-B041-6180817A0254}.AppStore|iPhone.ActiveCfg = AppStore|iPhone
		{EF014858-C31D-4E28-B041-6180817A0254}.AppStore|iPhone.Build.0 = AppStore|iPhone
		{EF014858-C31D-4E28-B041-6180817A0254}.AppStore|iPhone.Deploy.0 = AppStore|iPhone
		{EF014858-C31D-4E28-B041-6180817A0254}.AppStore|iPhoneSimulator.ActiveCfg = AppStore|iPhoneSimulator
		{EF014858-C31D-4E28-B041-6180817A0254}.AppStore|iPhoneSimulator.Build.0 = AppStore|iPhoneSimulator
		{EF014858-C31D-4E28-B041-6180817A0254}.AppStore|iPhoneSimulator.Deploy.0 = AppStore|iPhoneSimulator
		{EF014858-C31D-4E28-B041-6180817A0254}.Debug|Any CPU.ActiveCfg = Debug|iPhoneSimulator
		{EF014858-C31D-4E28-B041-6180817A0254}.Debug|Any CPU.Build.0 = Debug|iPhoneSimulator
		{EF014858-C31D-4E28-B041-6180817A0254}.Debug|Any CPU.Deploy.0 = Debug|iPhoneSimulator
		{EF014858-C31D-4E28-B041-6180817A0254}.Debug|iPhone.ActiveCfg = Debug|iPhone
		{EF014858-C31D-4E28-B041-6180817A0254}.Debug|iPhone.Build.0 = Debug|iPhone
		{EF014858-C31D-4E28-B041-6180817A0254}.Debug|iPhone.Deploy.0 = Debug|iPhone
		{EF014858-C31D-4E28-B041-6180817A0254}.Debug|iPhoneSimulator.ActiveCfg = Debug|iPhoneSimulator
		{EF014858-C31D-4E28-B041-6180817A0254}.Debug|iPhoneSimulator.Build.0 = Debug|iPhoneSimulator
		{EF014858-C31D-4E28-B041-6180817A0254}.Debug|iPhoneSimulator.Deploy.0 = Debug|iPhoneSimulator
		{EF014858-C31D-4E28-B041-6180817A0254}.Release|Any CPU.ActiveCfg = Release|iPhone
		{EF014858-C31D-4E28-B041-6180817A0254}.Release|Any CPU.Build.0 = Release|iPhone
		{EF014858-C31D-4E28-B041-6180817A0254}.Release|Any CPU.Deploy.0 = Release|iPhone
		{EF014858-C31D-4E28-B041-6180817A0254}.Release|iPhone.ActiveCfg = Release|iPhone
		{EF014858-C31D-4E28-B041-6180817A0254}.Release|iPhone.Build.0 = Release|iPhone
		{EF014858-C31D-4E28-B041-6180817A0254}.Release|iPhone.Deploy.0 = Release|iPhone
		{EF014858-C31D-4E28-B041-6180817A0254}.Release|iPhoneSimulator.ActiveCfg = Release|iPhoneSimulator
		{EF014858-C31D-4E28-B041-6180817A0254}.Release|iPhoneSimulator.Build.0 = Release|iPhoneSimulator
		{EF014858-C31D-4E28-B041-6180817A0254}.Release|iPhoneSimulator.Deploy.0 = Release|iPhoneSimulator
		{147A98DF-98B5-4AEC-85D5-EE6FB662AEA8}.Ad-Hoc|Any CPU.ActiveCfg = Debug|Any CPU
		{147A98DF-98B5-4AEC-85D5-EE6FB662AEA8}.Ad-Hoc|Any CPU.Build.0 = Debug|Any CPU
		{147A98DF-98B5-4AEC-85D5-EE6FB662AEA8}.Ad-Hoc|Any CPU.Deploy.0 = Debug|Any CPU
		{147A98DF-98B5-4AEC-85D5-EE6FB662AEA8}.Ad-Hoc|iPhone.ActiveCfg = Debug|Any CPU
		{147A98DF-98B5-4AEC-85D5-EE6FB662AEA8}.Ad-Hoc|iPhone.Build.0 = Debug|Any CPU
		{147A98DF-98B5-4AEC-85D5-EE6FB662AEA8}.Ad-Hoc|iPhone.Deploy.0 = Debug|Any CPU
		{147A98DF-98B5-4AEC-85D5-EE6FB662AEA8}.Ad-Hoc|iPhoneSimulator.ActiveCfg = Debug|Any CPU
		{147A98DF-98B5-4AEC-85D5-EE6FB662AEA8}.Ad-Hoc|iPhoneSimulator.Build.0 = Debug|Any CPU
		{147A98DF-98B5-4AEC-85D5-EE6FB662AEA8}.Ad-Hoc|iPhoneSimulator.Deploy.0 = Debug|Any CPU
		{147A98DF-98B5-4AEC-85D5-EE6FB662AEA8}.AppStore|Any CPU.ActiveCfg = Debug|Any CPU
		{147A98DF-98B5-4AEC-85D5-EE6FB662AEA8}.AppStore|Any CPU.Build.0 = Debug|Any CPU
		{147A98DF-98B5-4AEC-85D5-EE6FB662AEA8}.AppStore|Any CPU.Deploy.0 = Debug|Any CPU
		{147A98DF-98B5-4AEC-85D5-EE6FB662AEA8}.AppStore|iPhone.ActiveCfg = Debug|Any CPU
		{147A98DF-98B5-4AEC-85D5-EE6FB662AEA8}.AppStore|iPhone.Build.0 = Debug|Any CPU
		{147A98DF-98B5-4AEC-85D5-EE6FB662AEA8}.AppStore|iPhone.Deploy.0 = Debug|Any CPU
		{147A98DF-98B5-4AEC-85D5-EE6FB662AEA8}.AppStore|iPhoneSimulator.ActiveCfg = Debug|Any CPU
		{147A98DF-98B5-4AEC-85D5-EE6FB662AEA8}.AppStore|iPhoneSimulator.Build.0 = Debug|Any CPU
		{147A98DF-98B5-4AEC-85D5-EE6FB662AEA8}.AppStore|iPhoneSimulator.Deploy.0 = Debug|Any CPU
		{147A98DF-98B5-4AEC-85D5-EE6FB662AEA8}.Debug|Any CPU.ActiveCfg = Debug|Any CPU
		{147A98DF-98B5-4AEC-85D5-EE6FB662AEA8}.Debug|Any CPU.Build.0 = Debug|Any CPU
		{147A98DF-98B5-4AEC-85D5-EE6FB662AEA8}.Debug|Any CPU.Deploy.0 = Debug|Any CPU
		{147A98DF-98B5-4AEC-85D5-EE6FB662AEA8}.Debug|iPhone.ActiveCfg = Debug|Any CPU
		{147A98DF-98B5-4AEC-85D5-EE6FB662AEA8}.Debug|iPhone.Build.0 = Debug|Any CPU
		{147A98DF-98B5-4AEC-85D5-EE6FB662AEA8}.Debug|iPhone.Deploy.0 = Debug|Any CPU
		{147A98DF-98B5-4AEC-85D5-EE6FB662AEA8}.Debug|iPhoneSimulator.ActiveCfg = Debug|Any CPU
		{147A98DF-98B5-4AEC-85D5-EE6FB662AEA8}.Debug|iPhoneSimulator.Build.0 = Debug|Any CPU
		{147A98DF-98B5-4AEC-85D5-EE6FB662AEA8}.Debug|iPhoneSimulator.Deploy.0 = Debug|Any CPU
		{147A98DF-98B5-4AEC-85D5-EE6FB662AEA8}.Release|Any CPU.ActiveCfg = Release|Any CPU
		{147A98DF-98B5-4AEC-85D5-EE6FB662AEA8}.Release|Any CPU.Build.0 = Release|Any CPU
		{147A98DF-98B5-4AEC-85D5-EE6FB662AEA8}.Release|Any CPU.Deploy.0 = Release|Any CPU
		{147A98DF-98B5-4AEC-85D5-EE6FB662AEA8}.Release|iPhone.ActiveCfg = Release|Any CPU
		{147A98DF-98B5-4AEC-85D5-EE6FB662AEA8}.Release|iPhone.Build.0 = Release|Any CPU
		{147A98DF-98B5-4AEC-85D5-EE6FB662AEA8}.Release|iPhone.Deploy.0 = Release|Any CPU
		{147A98DF-98B5-4AEC-85D5-EE6FB662AEA8}.Release|iPhoneSimulator.ActiveCfg = Release|Any CPU
		{147A98DF-98B5-4AEC-85D5-EE6FB662AEA8}.Release|iPhoneSimulator.Build.0 = Release|Any CPU
		{147A98DF-98B5-4AEC-85D5-EE6FB662AEA8}.Release|iPhoneSimulator.Deploy.0 = Release|Any CPU
	EndGlobalSection
	GlobalSection(SolutionProperties) = preSolution
		HideSolutionNode = FALSE
	EndGlobalSection
	GlobalSection(ExtensibilityGlobals) = postSolution
		SolutionGuid = {5801252F-BC0D-4077-A313-D4B277AF7CB7}
	EndGlobalSection
EndGlobal
